github.com/alrusov/bufpool v0.1.0 h1:rHjiYY6K/KDJtJif87BXAIMe18TsQgligq0b8xHL19E=
github.com/alrusov/bufpool v0.1.0/go.mod h1:WQGPTsMZFX0fE9s+PLloqXgXMjgg6WICjTvqp9aWpNU=
github.com/alrusov/config v0.1.0 h1:vfDPf4NoyEqOfaumBVaxYJxm8FyvGgC9rXP5HZtE6i8=
github.com/alrusov/config v0.1.0/go.mod h1:6i28RCqoxtEjeQ0BxYPGqSPJMEZAUthOvliu1qSY52A=
github.com/alrusov/loadavg v0.1.0 h1:xjU30OtVjICeGfljn++i2GSpFlQnAqzo+3tvsQB3344=
github.com/alrusov/loadavg v0.1.0/go.mod h1:PN7KMUy2NVLZTaSM/HcccPRaf0WW+MVMy7ZfaT4ga9s=
github.com/alrusov/log v0.1.1 h1:SPibv6JR3VfkTdpPsX8Ms1KFOE9PwRtyomquJ0Y3L4I=
github.com/alrusov/log v0.1.1/go.mod h1:RD91C8ZltJM1aVMtUv3WQvVjClOIrDypZEcliRHFxsM=
github.com/alrusov/misc v0.1.0 h1:WgyiCojt6bdiuNXMLoL16l5xVDhL3yPTJuItsOLVRg4=
github.com/alrusov/misc v0.1.0/go.mod h1:IN1ACWOqkBR4fnQEZ5I6wknwOllfPsfxkR2x05kDDnk=
github.com/alrusov/misc v0.1.1 h1:1Dbf662tlpXNWVGEXU+IjCYtf/0gSsdZ+SKZMrXIjTw=
github.com/alrusov/misc v0.1.1/go.mod h1:IN1ACWOqkBR4fnQEZ5I6wknwOllfPsfxkR2x05kDDnk=
github.com/alrusov/panic v0.1.0 h1:w0DdHsv0Gy33g5c0Zm4T9yAS04FO2sH3xJ2KiiaQqgY=
github.com/alrusov/panic v0.1.0/go.mod h1:C+bVt+gMO9aYQi0sd44KCoSPBADylwTQWTIGBwWyVhY=
github.com/kylelemons/godebug v1.1.0 h1:RPNrshWIDI6G2gRW9EHilWtl7Z6Sb1BR0xunSBf0SNc=
github.com/kylelemons/godebug v1.1.0/go.mod h1:9/0rRGxNHcop5bhtWyNeEfOS8JIWk580+fNqagV/RAw=
github.com/naoina/go-stringutil v0.1.0 h1:rCUeRUHjBjGTSHl0VC00jUPLz8/F9dDzYI70Hzifhks=
github.com/naoina/go-stringutil v0.1.0/go.mod h1:XJ2SJL9jCtBh+P9q5btrd/Ylo8XwT/h1USek5+NqSA0=
github.com/naoina/toml v0.1.1 h1:PT/lllxVVN0gzzSqSlHEmP8MJB4MY2U7STGxiouV4X8=
github.com/naoina/toml v0.1.1/go.mod h1:NBIhNtsFMo3G2szEBne+bO4gS192HuIYRqfvOWb4i1E=
