github.com/alrusov/auth v0.1.11 h1:PsrREjgzI80jut+Xos4axC5l5i8Zpy3Pt/s/jqzVrVE=
github.com/alrusov/auth v0.1.11/go.mod h1:T3J9I8aiJ2Z+PIGeq6CaMrFbbNzJJklep/LVZgcodNQ=
github.com/alrusov/config v0.1.67 h1:Px2ZEYT6/OkpmA2/ZiMEmUuW318V2t3QHyceV15fU+M=
github.com/alrusov/config v0.1.67/go.mod h1:w8KBw540K415qb96N9XKRbc9ClzV/K3fJigemeQrxtQ=
github.com/alrusov/jsonw v0.1.3 h1:662GZ/2/Ym5hN4z0ut6EbvmdnXfaIK7vSRslmnFpGXw=
github.com/alrusov/jsonw v0.1.3/go.mod h1:310ODYzX2wl26sdPfdnRZ9R4XW+5lYzZZVCcU/5K2Y4=
github.com/alrusov/loadavg v0.1.6 h1:dnq73CX2DBQ5XP+eWvmF3DzBLm7Qwnz23+BllEyKGng=
github.com/alrusov/loadavg v0.1.6/go.mod h1:wF1t1fzJNM0wyJV/j1lrTcdWWzjOymD0E9GPUxoIpMA=
github.com/alrusov/log v0.1.39 h1:2OLNZXUA0/IqZi90/Ka5dKLGNNTMvp8tBOK438+WaQQ=
github.com/alrusov/log v0.1.39/go.mod h1:jbbezpAINf5RnacAbG4jkJCtG/HVzEX56tW+HudK6tk=
github.com/alrusov/misc v1.1.30 h1:jOv4+7C8QK98YTzWz0N9Q3carr4SX8uND+AIV5S20vU=
github.com/alrusov/misc v1.1.30/go.mod h1:/Lh7mL84scQKYYbQtNE5HPKyHAUfsNwE6ApInZcSydg=
github.com/alrusov/panic v0.1.16 h1:zRwyDxavX3w/cnlX1aW3remDMAEEwMjs+BtjgxZND5A=
github.com/alrusov/panic v0.1.16/go.mod h1:Un623hbV6QjGY3GNBoquVzP6lo3nEDJdDb3aanu44Ro=
github.com/creack/pty v1.1.9/go.mod h1:oKZEueFk5CKHvIhNR5MUki03XCEU+Q6VDXinZuGJ33E=
github.com/davecgh/go-spew v1.1.0/go.mod h1:J7Y8YcW2NihsgmVo/mv3lAwl/skON4iLHjSsI+c5H38=
github.com/davecgh/go-spew v1.1.1 h1:vj9j/u1bqnvCEfJOwUhtlOARqs3+rkHYY13jYWTU97c=
github.com/davecgh/go-spew v1.1.1/go.mod h1:J7Y8YcW2NihsgmVo/mv3lAwl/skON4iLHjSsI+c5H38=
github.com/essentialkaos/translit v2.0.3+incompatible h1:ve7G/7KlwCo4XjWoAgcQC7neTtYcKOVrToYZSffkCAc=
github.com/essentialkaos/translit v2.0.3+incompatible/go.mod h1:ylbWodNFD51eQ8HNXrNwm+e5DD+rmHwQ5cC5QyPl1lA=
github.com/google/gofuzz v1.0.0/go.mod h1:dBl0BpW6vV/+mYPU4Po3pmUjxk6FQPldtuIdl/M65Eg=
github.com/json-iterator/go v1.1.12 h1:PV8peI4a0ysnczrg+LtxykD8LfKY9ML6u2jnxaEnrnM=
github.com/json-iterator/go v1.1.12/go.mod h1:e30LSqwooZae/UwlEbR2852Gd8hjQvJoHmT4TnhNGBo=
github.com/kr/pretty v0.3.1 h1:flRD4NNwYAUpkphVc1HcthR4KEIFJ65n8Mw5qdRn3LE=
github.com/kr/pretty v0.3.1/go.mod h1:hoEshYVHaxMs3cyo3Yncou5ZscifuDolrwPKZanG3xk=
github.com/kr/text v0.2.0 h1:5Nx0Ya0ZqY2ygV366QzturHI13Jq95ApcVaJBhpS+AY=
github.com/kr/text v0.2.0/go.mod h1:eLer722TekiGuMkidMxC/pM04lWEeraHUUmBw8l2grE=
github.com/kylelemons/godebug v1.1.0 h1:RPNrshWIDI6G2gRW9EHilWtl7Z6Sb1BR0xunSBf0SNc=
github.com/kylelemons/godebug v1.1.0/go.mod h1:9/0rRGxNHcop5bhtWyNeEfOS8JIWk580+fNqagV/RAw=
github.com/modern-go/concurrent v0.0.0-20180228061459-e0a39a4cb421 h1:ZqeYNhU3OHLH3mGKHDcjJRFFRrJa6eAM5H+CtDdOsPc=
github.com/modern-go/concurrent v0.0.0-20180228061459-e0a39a4cb421/go.mod h1:6dJC0mAP4ikYIbvyc7fijjWJddQyLn8Ig3JB5CqoB9Q=
github.com/modern-go/reflect2 v1.0.2 h1:xBagoLtFs94CBntxluKeaWgTMpvLxC4ur3nMaC9Gz0M=
github.com/modern-go/reflect2 v1.0.2/go.mod h1:yWuevngMOJpCy52FWWMvUC8ws7m/LJsjYzDa0/r8luk=
github.com/naoina/go-stringutil v0.1.0 h1:rCUeRUHjBjGTSHl0VC00jUPLz8/F9dDzYI70Hzifhks=
github.com/naoina/go-stringutil v0.1.0/go.mod h1:XJ2SJL9jCtBh+P9q5btrd/Ylo8XwT/h1USek5+NqSA0=
github.com/naoina/toml v0.1.1 h1:PT/lllxVVN0gzzSqSlHEmP8MJB4MY2U7STGxiouV4X8=
github.com/naoina/toml v0.1.1/go.mod h1:NBIhNtsFMo3G2szEBne+bO4gS192HuIYRqfvOWb4i1E=
github.com/pmezard/go-difflib v1.0.0 h1:4DBwDE0NGyQoBHbLQYPwSUPoCMWR5BEzIk/f1lZbAQM=
github.com/pmezard/go-difflib v1.0.0/go.mod h1:iKH77koFhYxTK1pcRnkKkqfTogsbg7gZNVY4sRDYZ/4=
github.com/rogpeppe/go-internal v1.14.1 h1:UQB4HGPB6osV0SQTLymcB4TgvyWu6ZyliaW0tI/otEQ=
github.com/rogpeppe/go-internal v1.14.1/go.mod h1:MaRKkUm5W0goXpeCfT7UZI6fk/L7L7so1lCWt35ZSgc=
github.com/stretchr/objx v0.1.0/go.mod h1:HFkY916IF+rwdDfMAkV7OtwuqBVzrE8GR6GFx+wExME=
github.com/stretchr/testify v1.3.0 h1:TivCn/peBQ7UY8ooIcPgZFpTNSz0Q2U6UrFlUfqbe0Q=
github.com/stretchr/testify v1.3.0/go.mod h1:M5WIy9Dh21IEIfnGCwXGc5bZfKNJtfHm1UVUgZn+9EI=
pkg.re/essentialkaos/check.v1 v1.2.0 h1:FN1UEUTQL7nyUng3i7sPY3+73XZPKUgOj2ZoLyhF0/M=
pkg.re/essentialkaos/check.v1 v1.2.0/go.mod h1:B7CoMnGFRnruw7X2Z45kWNvoCW+5OhUsLUm1EBM1aJs=
